
Microsoft Visual Studio Solution File, Format Version 12.00
# Visual Studio Version 17
VisualStudioVersion = 17.5.002.0
MinimumVisualStudioVersion = 10.0.40219.1
Project("{9A19103F-16F7-4668-BE54-9A1E7A4F7556}") = "FishyFlip", "FishyFlip.csproj", "{446F5C64-A3BD-4E7F-8F6D-9920E4CAE728}"
EndProject
Global
	GlobalSection(SolutionConfigurationPlatforms) = preSolution
		Debug|Any CPU = Debug|Any CPU
		Release|Any CPU = Release|Any CPU
	EndGlobalSection
	GlobalSection(ProjectConfigurationPlatforms) = postSolution
		{446F5C64-A3BD-4E7F-8F6D-9920E4CAE728}.Debug|Any CPU.ActiveCfg = Debug|Any CPU
		{446F5C64-A3BD-4E7F-8F6D-9920E4CAE728}.Debug|Any CPU.Build.0 = Debug|Any CPU
		{446F5C64-A3BD-4E7F-8F6D-9920E4CAE728}.Release|Any CPU.ActiveCfg = Release|Any CPU
		{446F5C64-A3BD-4E7F-8F6D-9920E4CAE728}.Release|Any CPU.Build.0 = Release|Any CPU
	EndGlobalSection
	GlobalSection(SolutionProperties) = preSolution
		HideSolutionNode = FALSE
	EndGlobalSection
	GlobalSection(ExtensibilityGlobals) = postSolution
		SolutionGuid = {2E957A1F-0206-43FC-801B-0CEEC0A1E239}
	EndGlobalSection
EndGlobal
