
Microsoft Visual Studio Solution File, Format Version 12.00
# Visual Studio Version 17
VisualStudioVersion = 17.0.31903.59
MinimumVisualStudioVersion = 10.0.40219.1
Project("{FAE04EC0-301F-11D3-BF4B-00C04F79EFBC}") = "FetchRepliesToPost", "FetchRepliesToPost.csproj", "{BBE889FE-5E98-4C72-9003-72D290E4F3AE}"
EndProject
Project("{FAE04EC0-301F-11D3-BF4B-00C04F79EFBC}") = "FishyFlip", "..\..\src\FishyFlip\FishyFlip.csproj", "{F98870A5-6528-4F92-9952-28312650BD38}"
EndProject
Global
	GlobalSection(SolutionConfigurationPlatforms) = preSolution
		Debug|Any CPU = Debug|Any CPU
		Release|Any CPU = Release|Any CPU
	EndGlobalSection
	GlobalSection(SolutionProperties) = preSolution
		HideSolutionNode = FALSE
	EndGlobalSection
	GlobalSection(ProjectConfigurationPlatforms) = postSolution
		{BBE889FE-5E98-4C72-9003-72D290E4F3AE}.Debug|Any CPU.ActiveCfg = Debug|Any CPU
		{BBE889FE-5E98-4C72-9003-72D290E4F3AE}.Debug|Any CPU.Build.0 = Debug|Any CPU
		{BBE889FE-5E98-4C72-9003-72D290E4F3AE}.Release|Any CPU.ActiveCfg = Release|Any CPU
		{BBE889FE-5E98-4C72-9003-72D290E4F3AE}.Release|Any CPU.Build.0 = Release|Any CPU
		{F98870A5-6528-4F92-9952-28312650BD38}.Debug|Any CPU.ActiveCfg = Debug|Any CPU
		{F98870A5-6528-4F92-9952-28312650BD38}.Debug|Any CPU.Build.0 = Debug|Any CPU
		{F98870A5-6528-4F92-9952-28312650BD38}.Release|Any CPU.ActiveCfg = Release|Any CPU
		{F98870A5-6528-4F92-9952-28312650BD38}.Release|Any CPU.Build.0 = Release|Any CPU
	EndGlobalSection
EndGlobal
