
Microsoft Visual Studio Solution File, Format Version 12.00
# Visual Studio Version 17
VisualStudioVersion = 17.0.31903.59
MinimumVisualStudioVersion = 10.0.40219.1
Project("{9A19103F-16F7-4668-BE54-9A1E7A4F7556}") = "FishyFlip", "..\..\..\src\FishyFlip\FishyFlip.csproj", "{BC1FF16F-2862-434B-B1F3-FEC49D3E526B}"
EndProject
Project("{9A19103F-16F7-4668-BE54-9A1E7A4F7556}") = "LiveCarDecoder", "LiveCarDecoder.csproj", "{7D6B496D-B506-4DE7-A7F2-3B3FC309BEE7}"
EndProject
Global
	GlobalSection(SolutionConfigurationPlatforms) = preSolution
		Debug|Any CPU = Debug|Any CPU
		Release|Any CPU = Release|Any CPU
	EndGlobalSection
	GlobalSection(ProjectConfigurationPlatforms) = postSolution
		{BC1FF16F-2862-434B-B1F3-FEC49D3E526B}.Debug|Any CPU.ActiveCfg = Debug|Any CPU
		{BC1FF16F-2862-434B-B1F3-FEC49D3E526B}.Debug|Any CPU.Build.0 = Debug|Any CPU
		{BC1FF16F-2862-434B-B1F3-FEC49D3E526B}.Release|Any CPU.ActiveCfg = Release|Any CPU
		{BC1FF16F-2862-434B-B1F3-FEC49D3E526B}.Release|Any CPU.Build.0 = Release|Any CPU
		{7D6B496D-B506-4DE7-A7F2-3B3FC309BEE7}.Debug|Any CPU.ActiveCfg = Debug|Any CPU
		{7D6B496D-B506-4DE7-A7F2-3B3FC309BEE7}.Debug|Any CPU.Build.0 = Debug|Any CPU
		{7D6B496D-B506-4DE7-A7F2-3B3FC309BEE7}.Release|Any CPU.ActiveCfg = Release|Any CPU
		{7D6B496D-B506-4DE7-A7F2-3B3FC309BEE7}.Release|Any CPU.Build.0 = Release|Any CPU
	EndGlobalSection
	GlobalSection(SolutionProperties) = preSolution
		HideSolutionNode = FALSE
	EndGlobalSection
	GlobalSection(ExtensibilityGlobals) = postSolution
		SolutionGuid = {18C5F5CF-F776-4313-8055-8C88265A6ED7}
	EndGlobalSection
EndGlobal
