
Microsoft Visual Studio Solution File, Format Version 12.00
# Visual Studio Version 17
VisualStudioVersion = 17.0.31903.59
MinimumVisualStudioVersion = 10.0.40219.1
Project("{FAE04EC0-301F-11D3-BF4B-00C04F79EFBC}") = "PasswordAuth", "PasswordAuth.csproj", "{CA58096E-487C-4C4B-B72F-FC5A48AD6A4B}"
EndProject
Project("{FAE04EC0-301F-11D3-BF4B-00C04F79EFBC}") = "FishyFlip", "..\..\src\FishyFlip\FishyFlip.csproj", "{4C2EB0E8-0F90-5D79-475C-D9A32CF27B49}"
EndProject
Global
	GlobalSection(SolutionConfigurationPlatforms) = preSolution
		Debug|Any CPU = Debug|Any CPU
		Release|Any CPU = Release|Any CPU
	EndGlobalSection
	GlobalSection(ProjectConfigurationPlatforms) = postSolution
		{CA58096E-487C-4C4B-B72F-FC5A48AD6A4B}.Debug|Any CPU.ActiveCfg = Debug|Any CPU
		{CA58096E-487C-4C4B-B72F-FC5A48AD6A4B}.Debug|Any CPU.Build.0 = Debug|Any CPU
		{CA58096E-487C-4C4B-B72F-FC5A48AD6A4B}.Release|Any CPU.ActiveCfg = Release|Any CPU
		{CA58096E-487C-4C4B-B72F-FC5A48AD6A4B}.Release|Any CPU.Build.0 = Release|Any CPU
		{4C2EB0E8-0F90-5D79-475C-D9A32CF27B49}.Debug|Any CPU.ActiveCfg = Debug|Any CPU
		{4C2EB0E8-0F90-5D79-475C-D9A32CF27B49}.Debug|Any CPU.Build.0 = Debug|Any CPU
		{4C2EB0E8-0F90-5D79-475C-D9A32CF27B49}.Release|Any CPU.ActiveCfg = Release|Any CPU
		{4C2EB0E8-0F90-5D79-475C-D9A32CF27B49}.Release|Any CPU.Build.0 = Release|Any CPU
	EndGlobalSection
	GlobalSection(SolutionProperties) = preSolution
		HideSolutionNode = FALSE
	EndGlobalSection
EndGlobal
