
Microsoft Visual Studio Solution File, Format Version 12.00
# Visual Studio Version 17
VisualStudioVersion = 17.0.31903.59
MinimumVisualStudioVersion = 10.0.40219.1
Project("{FAE04EC0-301F-11D3-BF4B-00C04F79EFBC}") = "RepoDownloader", "RepoDownloader.csproj", "{3236ADA2-D58A-4AAF-A7D7-D2182A205C15}"
EndProject
Project("{FAE04EC0-301F-11D3-BF4B-00C04F79EFBC}") = "FishyFlip", "..\..\src\FishyFlip\FishyFlip.csproj", "{6FA60C67-332C-4F04-A1CA-5E1295312B99}"
EndProject
Global
	GlobalSection(SolutionConfigurationPlatforms) = preSolution
		Debug|Any CPU = Debug|Any CPU
		Release|Any CPU = Release|Any CPU
	EndGlobalSection
	GlobalSection(SolutionProperties) = preSolution
		HideSolutionNode = FALSE
	EndGlobalSection
	GlobalSection(ProjectConfigurationPlatforms) = postSolution
		{3236ADA2-D58A-4AAF-A7D7-D2182A205C15}.Debug|Any CPU.ActiveCfg = Debug|Any CPU
		{3236ADA2-D58A-4AAF-A7D7-D2182A205C15}.Debug|Any CPU.Build.0 = Debug|Any CPU
		{3236ADA2-D58A-4AAF-A7D7-D2182A205C15}.Release|Any CPU.ActiveCfg = Release|Any CPU
		{3236ADA2-D58A-4AAF-A7D7-D2182A205C15}.Release|Any CPU.Build.0 = Release|Any CPU
		{6FA60C67-332C-4F04-A1CA-5E1295312B99}.Debug|Any CPU.ActiveCfg = Debug|Any CPU
		{6FA60C67-332C-4F04-A1CA-5E1295312B99}.Debug|Any CPU.Build.0 = Debug|Any CPU
		{6FA60C67-332C-4F04-A1CA-5E1295312B99}.Release|Any CPU.ActiveCfg = Release|Any CPU
		{6FA60C67-332C-4F04-A1CA-5E1295312B99}.Release|Any CPU.Build.0 = Release|Any CPU
	EndGlobalSection
EndGlobal
