
Microsoft Visual Studio Solution File, Format Version 12.00
# Visual Studio Version 17
VisualStudioVersion = 17.0.31903.59
MinimumVisualStudioVersion = 10.0.40219.1
Project("{FAE04EC0-301F-11D3-BF4B-00C04F79EFBC}") = "AlfFeedGenerator", "AlfFeedGenerator.csproj", "{5B6D9A84-D08A-4EC8-B89F-2DBB18711A8A}"
EndProject
Project("{FAE04EC0-301F-11D3-BF4B-00C04F79EFBC}") = "FishyFlip", "..\..\src\FishyFlip\FishyFlip.csproj", "{2753C3EA-E72C-4D77-96FF-DD6F428D456B}"
EndProject
Global
	GlobalSection(SolutionConfigurationPlatforms) = preSolution
		Debug|Any CPU = Debug|Any CPU
		Release|Any CPU = Release|Any CPU
	EndGlobalSection
	GlobalSection(SolutionProperties) = preSolution
		HideSolutionNode = FALSE
	EndGlobalSection
	GlobalSection(ProjectConfigurationPlatforms) = postSolution
		{5B6D9A84-D08A-4EC8-B89F-2DBB18711A8A}.Debug|Any CPU.ActiveCfg = Debug|Any CPU
		{5B6D9A84-D08A-4EC8-B89F-2DBB18711A8A}.Debug|Any CPU.Build.0 = Debug|Any CPU
		{5B6D9A84-D08A-4EC8-B89F-2DBB18711A8A}.Release|Any CPU.ActiveCfg = Release|Any CPU
		{5B6D9A84-D08A-4EC8-B89F-2DBB18711A8A}.Release|Any CPU.Build.0 = Release|Any CPU
		{2753C3EA-E72C-4D77-96FF-DD6F428D456B}.Debug|Any CPU.ActiveCfg = Debug|Any CPU
		{2753C3EA-E72C-4D77-96FF-DD6F428D456B}.Debug|Any CPU.Build.0 = Debug|Any CPU
		{2753C3EA-E72C-4D77-96FF-DD6F428D456B}.Release|Any CPU.ActiveCfg = Release|Any CPU
		{2753C3EA-E72C-4D77-96FF-DD6F428D456B}.Release|Any CPU.Build.0 = Release|Any CPU
	EndGlobalSection
EndGlobal
