
Microsoft Visual Studio Solution File, Format Version 12.00
# Visual Studio Version 17
VisualStudioVersion = 17.0.31903.59
MinimumVisualStudioVersion = 10.0.40219.1
Project("{FAE04EC0-301F-11D3-BF4B-00C04F79EFBC}") = "LiveCarDecoder", "LiveCarDecoder.csproj", "{198C4F80-C312-4D47-B49A-44EC68391F26}"
EndProject
Project("{FAE04EC0-301F-11D3-BF4B-00C04F79EFBC}") = "FishyFlip", "..\..\src\FishyFlip\FishyFlip.csproj", "{5D6117DE-E4AA-4213-93F0-E2366F0C145A}"
EndProject
Global
	GlobalSection(SolutionConfigurationPlatforms) = preSolution
		Debug|Any CPU = Debug|Any CPU
		Release|Any CPU = Release|Any CPU
	EndGlobalSection
	GlobalSection(SolutionProperties) = preSolution
		HideSolutionNode = FALSE
	EndGlobalSection
	GlobalSection(ProjectConfigurationPlatforms) = postSolution
		{198C4F80-C312-4D47-B49A-44EC68391F26}.Debug|Any CPU.ActiveCfg = Debug|Any CPU
		{198C4F80-C312-4D47-B49A-44EC68391F26}.Debug|Any CPU.Build.0 = Debug|Any CPU
		{198C4F80-C312-4D47-B49A-44EC68391F26}.Release|Any CPU.ActiveCfg = Release|Any CPU
		{198C4F80-C312-4D47-B49A-44EC68391F26}.Release|Any CPU.Build.0 = Release|Any CPU
		{5D6117DE-E4AA-4213-93F0-E2366F0C145A}.Debug|Any CPU.ActiveCfg = Debug|Any CPU
		{5D6117DE-E4AA-4213-93F0-E2366F0C145A}.Debug|Any CPU.Build.0 = Debug|Any CPU
		{5D6117DE-E4AA-4213-93F0-E2366F0C145A}.Release|Any CPU.ActiveCfg = Release|Any CPU
		{5D6117DE-E4AA-4213-93F0-E2366F0C145A}.Release|Any CPU.Build.0 = Release|Any CPU
	EndGlobalSection
EndGlobal
