
Microsoft Visual Studio Solution File, Format Version 12.00
# Visual Studio Version 17
VisualStudioVersion = 17.0.31903.59
MinimumVisualStudioVersion = 10.0.40219.1
Project("{9A19103F-16F7-4668-BE54-9A1E7A4F7556}") = "FishyFlipSamplesApp", "FishyFlipSamplesApp.csproj", "{F2AE0B15-074A-4A0D-A67A-CC3FEEC6BCF4}"
EndProject
Project("{9A19103F-16F7-4668-BE54-9A1E7A4F7556}") = "FishyFlip", "..\..\src\FishyFlip\FishyFlip.csproj", "{165511B7-407B-4E12-808D-39D1D13DC981}"
EndProject
Global
	GlobalSection(SolutionConfigurationPlatforms) = preSolution
		Debug|Any CPU = Debug|Any CPU
		Release|Any CPU = Release|Any CPU
	EndGlobalSection
	GlobalSection(ProjectConfigurationPlatforms) = postSolution
		{F2AE0B15-074A-4A0D-A67A-CC3FEEC6BCF4}.Debug|Any CPU.ActiveCfg = Debug|Any CPU
		{F2AE0B15-074A-4A0D-A67A-CC3FEEC6BCF4}.Debug|Any CPU.Build.0 = Debug|Any CPU
		{F2AE0B15-074A-4A0D-A67A-CC3FEEC6BCF4}.Release|Any CPU.ActiveCfg = Release|Any CPU
		{F2AE0B15-074A-4A0D-A67A-CC3FEEC6BCF4}.Release|Any CPU.Build.0 = Release|Any CPU
		{165511B7-407B-4E12-808D-39D1D13DC981}.Debug|Any CPU.ActiveCfg = Debug|Any CPU
		{165511B7-407B-4E12-808D-39D1D13DC981}.Debug|Any CPU.Build.0 = Debug|Any CPU
		{165511B7-407B-4E12-808D-39D1D13DC981}.Release|Any CPU.ActiveCfg = Release|Any CPU
		{165511B7-407B-4E12-808D-39D1D13DC981}.Release|Any CPU.Build.0 = Release|Any CPU
	EndGlobalSection
	GlobalSection(SolutionProperties) = preSolution
		HideSolutionNode = FALSE
	EndGlobalSection
	GlobalSection(ExtensibilityGlobals) = postSolution
		SolutionGuid = {562900E4-F7B1-4FD5-9396-271802E0633B}
	EndGlobalSection
EndGlobal
