
Microsoft Visual Studio Solution File, Format Version 12.00
# Visual Studio Version 17
VisualStudioVersion = 17.0.31903.59
MinimumVisualStudioVersion = 10.0.40219.1
Project("{9A19103F-16F7-4668-BE54-9A1E7A4F7556}") = "SampleApp.Core", "SampleApp.Core\SampleApp.Core.csproj", "{D143A672-3D9F-43C6-9EC8-1B3FCD5FD872}"
EndProject
Project("{9A19103F-16F7-4668-BE54-9A1E7A4F7556}") = "FishyFlip", "..\..\src\FishyFlip\FishyFlip.csproj", "{AB081FE2-DD05-4A01-BA3E-82E591923BA0}"
EndProject
Project("{9A19103F-16F7-4668-BE54-9A1E7A4F7556}") = "SampleAppMaui", "SampleAppMaui\SampleAppMaui.csproj", "{74C6C294-A44B-469F-9628-01C6EE19EA09}"
EndProject
Global
	GlobalSection(SolutionConfigurationPlatforms) = preSolution
		Debug|Any CPU = Debug|Any CPU
		Release|Any CPU = Release|Any CPU
	EndGlobalSection
	GlobalSection(ProjectConfigurationPlatforms) = postSolution
		{D143A672-3D9F-43C6-9EC8-1B3FCD5FD872}.Debug|Any CPU.ActiveCfg = Debug|Any CPU
		{D143A672-3D9F-43C6-9EC8-1B3FCD5FD872}.Debug|Any CPU.Build.0 = Debug|Any CPU
		{D143A672-3D9F-43C6-9EC8-1B3FCD5FD872}.Release|Any CPU.ActiveCfg = Release|Any CPU
		{D143A672-3D9F-43C6-9EC8-1B3FCD5FD872}.Release|Any CPU.Build.0 = Release|Any CPU
		{AB081FE2-DD05-4A01-BA3E-82E591923BA0}.Debug|Any CPU.ActiveCfg = Debug|Any CPU
		{AB081FE2-DD05-4A01-BA3E-82E591923BA0}.Debug|Any CPU.Build.0 = Debug|Any CPU
		{AB081FE2-DD05-4A01-BA3E-82E591923BA0}.Release|Any CPU.ActiveCfg = Release|Any CPU
		{AB081FE2-DD05-4A01-BA3E-82E591923BA0}.Release|Any CPU.Build.0 = Release|Any CPU
		{74C6C294-A44B-469F-9628-01C6EE19EA09}.Debug|Any CPU.ActiveCfg = Debug|Any CPU
		{74C6C294-A44B-469F-9628-01C6EE19EA09}.Debug|Any CPU.Build.0 = Debug|Any CPU
		{74C6C294-A44B-469F-9628-01C6EE19EA09}.Debug|Any CPU.Deploy.0 = Debug|Any CPU
		{74C6C294-A44B-469F-9628-01C6EE19EA09}.Release|Any CPU.ActiveCfg = Release|Any CPU
		{74C6C294-A44B-469F-9628-01C6EE19EA09}.Release|Any CPU.Build.0 = Release|Any CPU
		{74C6C294-A44B-469F-9628-01C6EE19EA09}.Release|Any CPU.Deploy.0 = Release|Any CPU
	EndGlobalSection
	GlobalSection(SolutionProperties) = preSolution
		HideSolutionNode = FALSE
	EndGlobalSection
	GlobalSection(ExtensibilityGlobals) = postSolution
		SolutionGuid = {6B945841-C775-43E8-A2DF-DB898E718ADD}
	EndGlobalSection
EndGlobal
