
Microsoft Visual Studio Solution File, Format Version 12.00
# Visual Studio Version 17
VisualStudioVersion = 17.0.31903.59
MinimumVisualStudioVersion = 10.0.40219.1
Project("{9A19103F-16F7-4668-BE54-9A1E7A4F7556}") = "FishyFlip", "..\..\src\FishyFlip\FishyFlip.csproj", "{3F5724F4-A60B-4C18-A208-CFE945BDBFA2}"
EndProject
Project("{9A19103F-16F7-4668-BE54-9A1E7A4F7556}") = "FishyFlipMaui", "FishyFlipMaui.csproj", "{4FC5E5CE-E583-4A7B-ACC1-531D240D0B96}"
EndProject
Project("{9A19103F-16F7-4668-BE54-9A1E7A4F7556}") = "FishyFlipSamples", "..\FishyFlipSamples\FishyFlipSamples.csproj", "{67C90D15-9581-4DCD-B391-92A4B2212A6D}"
EndProject
Global
	GlobalSection(SolutionConfigurationPlatforms) = preSolution
		Debug|Any CPU = Debug|Any CPU
		Debug|ARM64 = Debug|ARM64
		Debug|x64 = Debug|x64
		Debug|x86 = Debug|x86
		Release|Any CPU = Release|Any CPU
		Release|ARM64 = Release|ARM64
		Release|x64 = Release|x64
		Release|x86 = Release|x86
	EndGlobalSection
	GlobalSection(ProjectConfigurationPlatforms) = postSolution
		{3F5724F4-A60B-4C18-A208-CFE945BDBFA2}.Debug|Any CPU.ActiveCfg = Debug|Any CPU
		{3F5724F4-A60B-4C18-A208-CFE945BDBFA2}.Debug|Any CPU.Build.0 = Debug|Any CPU
		{3F5724F4-A60B-4C18-A208-CFE945BDBFA2}.Debug|ARM64.ActiveCfg = Debug|Any CPU
		{3F5724F4-A60B-4C18-A208-CFE945BDBFA2}.Debug|ARM64.Build.0 = Debug|Any CPU
		{3F5724F4-A60B-4C18-A208-CFE945BDBFA2}.Debug|x64.ActiveCfg = Debug|Any CPU
		{3F5724F4-A60B-4C18-A208-CFE945BDBFA2}.Debug|x64.Build.0 = Debug|Any CPU
		{3F5724F4-A60B-4C18-A208-CFE945BDBFA2}.Debug|x86.ActiveCfg = Debug|Any CPU
		{3F5724F4-A60B-4C18-A208-CFE945BDBFA2}.Debug|x86.Build.0 = Debug|Any CPU
		{3F5724F4-A60B-4C18-A208-CFE945BDBFA2}.Release|Any CPU.ActiveCfg = Release|Any CPU
		{3F5724F4-A60B-4C18-A208-CFE945BDBFA2}.Release|Any CPU.Build.0 = Release|Any CPU
		{3F5724F4-A60B-4C18-A208-CFE945BDBFA2}.Release|ARM64.ActiveCfg = Release|Any CPU
		{3F5724F4-A60B-4C18-A208-CFE945BDBFA2}.Release|ARM64.Build.0 = Release|Any CPU
		{3F5724F4-A60B-4C18-A208-CFE945BDBFA2}.Release|x64.ActiveCfg = Release|Any CPU
		{3F5724F4-A60B-4C18-A208-CFE945BDBFA2}.Release|x64.Build.0 = Release|Any CPU
		{3F5724F4-A60B-4C18-A208-CFE945BDBFA2}.Release|x86.ActiveCfg = Release|Any CPU
		{3F5724F4-A60B-4C18-A208-CFE945BDBFA2}.Release|x86.Build.0 = Release|Any CPU
		{4FC5E5CE-E583-4A7B-ACC1-531D240D0B96}.Debug|Any CPU.ActiveCfg = Debug|Any CPU
		{4FC5E5CE-E583-4A7B-ACC1-531D240D0B96}.Debug|Any CPU.Build.0 = Debug|Any CPU
		{4FC5E5CE-E583-4A7B-ACC1-531D240D0B96}.Debug|Any CPU.Deploy.0 = Debug|Any CPU
		{4FC5E5CE-E583-4A7B-ACC1-531D240D0B96}.Debug|ARM64.ActiveCfg = Debug|Any CPU
		{4FC5E5CE-E583-4A7B-ACC1-531D240D0B96}.Debug|ARM64.Build.0 = Debug|Any CPU
		{4FC5E5CE-E583-4A7B-ACC1-531D240D0B96}.Debug|ARM64.Deploy.0 = Debug|Any CPU
		{4FC5E5CE-E583-4A7B-ACC1-531D240D0B96}.Debug|x64.ActiveCfg = Debug|Any CPU
		{4FC5E5CE-E583-4A7B-ACC1-531D240D0B96}.Debug|x64.Build.0 = Debug|Any CPU
		{4FC5E5CE-E583-4A7B-ACC1-531D240D0B96}.Debug|x64.Deploy.0 = Debug|Any CPU
		{4FC5E5CE-E583-4A7B-ACC1-531D240D0B96}.Debug|x86.ActiveCfg = Debug|Any CPU
		{4FC5E5CE-E583-4A7B-ACC1-531D240D0B96}.Debug|x86.Build.0 = Debug|Any CPU
		{4FC5E5CE-E583-4A7B-ACC1-531D240D0B96}.Debug|x86.Deploy.0 = Debug|Any CPU
		{4FC5E5CE-E583-4A7B-ACC1-531D240D0B96}.Release|Any CPU.ActiveCfg = Release|Any CPU
		{4FC5E5CE-E583-4A7B-ACC1-531D240D0B96}.Release|Any CPU.Build.0 = Release|Any CPU
		{4FC5E5CE-E583-4A7B-ACC1-531D240D0B96}.Release|Any CPU.Deploy.0 = Release|Any CPU
		{4FC5E5CE-E583-4A7B-ACC1-531D240D0B96}.Release|ARM64.ActiveCfg = Release|Any CPU
		{4FC5E5CE-E583-4A7B-ACC1-531D240D0B96}.Release|ARM64.Build.0 = Release|Any CPU
		{4FC5E5CE-E583-4A7B-ACC1-531D240D0B96}.Release|ARM64.Deploy.0 = Release|Any CPU
		{4FC5E5CE-E583-4A7B-ACC1-531D240D0B96}.Release|x64.ActiveCfg = Release|Any CPU
		{4FC5E5CE-E583-4A7B-ACC1-531D240D0B96}.Release|x64.Build.0 = Release|Any CPU
		{4FC5E5CE-E583-4A7B-ACC1-531D240D0B96}.Release|x64.Deploy.0 = Release|Any CPU
		{4FC5E5CE-E583-4A7B-ACC1-531D240D0B96}.Release|x86.ActiveCfg = Release|Any CPU
		{4FC5E5CE-E583-4A7B-ACC1-531D240D0B96}.Release|x86.Build.0 = Release|Any CPU
		{4FC5E5CE-E583-4A7B-ACC1-531D240D0B96}.Release|x86.Deploy.0 = Release|Any CPU
		{67C90D15-9581-4DCD-B391-92A4B2212A6D}.Debug|Any CPU.ActiveCfg = Debug|Any CPU
		{67C90D15-9581-4DCD-B391-92A4B2212A6D}.Debug|Any CPU.Build.0 = Debug|Any CPU
		{67C90D15-9581-4DCD-B391-92A4B2212A6D}.Debug|ARM64.ActiveCfg = Debug|Any CPU
		{67C90D15-9581-4DCD-B391-92A4B2212A6D}.Debug|ARM64.Build.0 = Debug|Any CPU
		{67C90D15-9581-4DCD-B391-92A4B2212A6D}.Debug|x64.ActiveCfg = Debug|Any CPU
		{67C90D15-9581-4DCD-B391-92A4B2212A6D}.Debug|x64.Build.0 = Debug|Any CPU
		{67C90D15-9581-4DCD-B391-92A4B2212A6D}.Debug|x86.ActiveCfg = Debug|Any CPU
		{67C90D15-9581-4DCD-B391-92A4B2212A6D}.Debug|x86.Build.0 = Debug|Any CPU
		{67C90D15-9581-4DCD-B391-92A4B2212A6D}.Release|Any CPU.ActiveCfg = Release|Any CPU
		{67C90D15-9581-4DCD-B391-92A4B2212A6D}.Release|Any CPU.Build.0 = Release|Any CPU
		{67C90D15-9581-4DCD-B391-92A4B2212A6D}.Release|ARM64.ActiveCfg = Release|Any CPU
		{67C90D15-9581-4DCD-B391-92A4B2212A6D}.Release|ARM64.Build.0 = Release|Any CPU
		{67C90D15-9581-4DCD-B391-92A4B2212A6D}.Release|x64.ActiveCfg = Release|Any CPU
		{67C90D15-9581-4DCD-B391-92A4B2212A6D}.Release|x64.Build.0 = Release|Any CPU
		{67C90D15-9581-4DCD-B391-92A4B2212A6D}.Release|x86.ActiveCfg = Release|Any CPU
		{67C90D15-9581-4DCD-B391-92A4B2212A6D}.Release|x86.Build.0 = Release|Any CPU
	EndGlobalSection
	GlobalSection(SolutionProperties) = preSolution
		HideSolutionNode = FALSE
	EndGlobalSection
	GlobalSection(ExtensibilityGlobals) = postSolution
		SolutionGuid = {BACE4B2A-CDCE-4C79-B114-F5902B7A4FB6}
	EndGlobalSection
EndGlobal
