
Microsoft Visual Studio Solution File, Format Version 12.00
# Visual Studio Version 17
VisualStudioVersion = 17.0.31903.59
MinimumVisualStudioVersion = 10.0.40219.1
Project("{FAE04EC0-301F-11D3-BF4B-00C04F79EFBC}") = "FishyFlip", "..\..\src\FishyFlip\FishyFlip.csproj", "{84C68FF4-0213-243A-3915-B377B52ED412}"
EndProject
Project("{FAE04EC0-301F-11D3-BF4B-00C04F79EFBC}") = "OAuth", "OAuth.csproj", "{3E703C39-103A-7442-3D13-890B63545D07}"
EndProject
Global
	GlobalSection(SolutionConfigurationPlatforms) = preSolution
		Debug|Any CPU = Debug|Any CPU
		Release|Any CPU = Release|Any CPU
	EndGlobalSection
	GlobalSection(ProjectConfigurationPlatforms) = postSolution
		{84C68FF4-0213-243A-3915-B377B52ED412}.Debug|Any CPU.ActiveCfg = Debug|Any CPU
		{84C68FF4-0213-243A-3915-B377B52ED412}.Debug|Any CPU.Build.0 = Debug|Any CPU
		{84C68FF4-0213-243A-3915-B377B52ED412}.Release|Any CPU.ActiveCfg = Release|Any CPU
		{84C68FF4-0213-243A-3915-B377B52ED412}.Release|Any CPU.Build.0 = Release|Any CPU
		{3E703C39-103A-7442-3D13-890B63545D07}.Debug|Any CPU.ActiveCfg = Debug|Any CPU
		{3E703C39-103A-7442-3D13-890B63545D07}.Debug|Any CPU.Build.0 = Debug|Any CPU
		{3E703C39-103A-7442-3D13-890B63545D07}.Release|Any CPU.ActiveCfg = Release|Any CPU
		{3E703C39-103A-7442-3D13-890B63545D07}.Release|Any CPU.Build.0 = Release|Any CPU
	EndGlobalSection
	GlobalSection(SolutionProperties) = preSolution
		HideSolutionNode = FALSE
	EndGlobalSection
EndGlobal
