
Microsoft Visual Studio Solution File, Format Version 12.00
# Visual Studio Version 17
VisualStudioVersion = 17.0.31903.59
MinimumVisualStudioVersion = 10.0.40219.1
Project("{9A19103F-16F7-4668-BE54-9A1E7A4F7556}") = "FishyFlip", "FishyFlip\FishyFlip.csproj", "{55FF025E-C24E-489A-85BA-370306BF522B}"
EndProject
Project("{9A19103F-16F7-4668-BE54-9A1E7A4F7556}") = "FishyFlip.Tests", "FishyFlip.Tests\FishyFlip.Tests.csproj", "{718EED01-74D0-4D4B-B104-34F28A505D74}"
EndProject
Global
	GlobalSection(SolutionConfigurationPlatforms) = preSolution
		Debug|Any CPU = Debug|Any CPU
		Release|Any CPU = Release|Any CPU
	EndGlobalSection
	GlobalSection(ProjectConfigurationPlatforms) = postSolution
		{55FF025E-C24E-489A-85BA-370306BF522B}.Debug|Any CPU.ActiveCfg = Debug|Any CPU
		{55FF025E-C24E-489A-85BA-370306BF522B}.Debug|Any CPU.Build.0 = Debug|Any CPU
		{55FF025E-C24E-489A-85BA-370306BF522B}.Release|Any CPU.ActiveCfg = Release|Any CPU
		{55FF025E-C24E-489A-85BA-370306BF522B}.Release|Any CPU.Build.0 = Release|Any CPU
		{718EED01-74D0-4D4B-B104-34F28A505D74}.Debug|Any CPU.ActiveCfg = Debug|Any CPU
		{718EED01-74D0-4D4B-B104-34F28A505D74}.Debug|Any CPU.Build.0 = Debug|Any CPU
		{718EED01-74D0-4D4B-B104-34F28A505D74}.Release|Any CPU.ActiveCfg = Release|Any CPU
		{718EED01-74D0-4D4B-B104-34F28A505D74}.Release|Any CPU.Build.0 = Release|Any CPU
	EndGlobalSection
	GlobalSection(SolutionProperties) = preSolution
		HideSolutionNode = FALSE
	EndGlobalSection
	GlobalSection(ExtensibilityGlobals) = postSolution
		SolutionGuid = {E919E897-0653-4313-9461-A465EF4AB301}
	EndGlobalSection
EndGlobal
