
Microsoft Visual Studio Solution File, Format Version 12.00
# Visual Studio Version 17
VisualStudioVersion = 17.0.31903.59
MinimumVisualStudioVersion = 10.0.40219.1
Project("{FAE04EC0-301F-11D3-BF4B-00C04F79EFBC}") = "FishyFlip", "..\..\src\FishyFlip\FishyFlip.csproj", "{79CDD167-3B1E-4F25-ABBC-71A3B82C2566}"
EndProject
Project("{FAE04EC0-301F-11D3-BF4B-00C04F79EFBC}") = "LexiconTools", "LexiconTools.csproj", "{BA89444B-8D8F-4422-934E-8F9F4CAB216E}"
EndProject
Global
	GlobalSection(SolutionConfigurationPlatforms) = preSolution
		Debug|Any CPU = Debug|Any CPU
		Release|Any CPU = Release|Any CPU
	EndGlobalSection
	GlobalSection(SolutionProperties) = preSolution
		HideSolutionNode = FALSE
	EndGlobalSection
	GlobalSection(ProjectConfigurationPlatforms) = postSolution
		{79CDD167-3B1E-4F25-ABBC-71A3B82C2566}.Debug|Any CPU.ActiveCfg = Debug|Any CPU
		{79CDD167-3B1E-4F25-ABBC-71A3B82C2566}.Debug|Any CPU.Build.0 = Debug|Any CPU
		{79CDD167-3B1E-4F25-ABBC-71A3B82C2566}.Release|Any CPU.ActiveCfg = Release|Any CPU
		{79CDD167-3B1E-4F25-ABBC-71A3B82C2566}.Release|Any CPU.Build.0 = Release|Any CPU
		{BA89444B-8D8F-4422-934E-8F9F4CAB216E}.Debug|Any CPU.ActiveCfg = Debug|Any CPU
		{BA89444B-8D8F-4422-934E-8F9F4CAB216E}.Debug|Any CPU.Build.0 = Debug|Any CPU
		{BA89444B-8D8F-4422-934E-8F9F4CAB216E}.Release|Any CPU.ActiveCfg = Release|Any CPU
		{BA89444B-8D8F-4422-934E-8F9F4CAB216E}.Release|Any CPU.Build.0 = Release|Any CPU
	EndGlobalSection
EndGlobal
